version: 2.0
shards:
  arcana-core:
    git: https://github.com/trans/arcana-core.git
    version: 0.5.1

  baked_file_system:
    git: https://github.com/ralsina/baked_file_system.git
    version: 0.10.0+git.commit.beb373124c7a235cfb9cd94e36849d8168eaa04b

  base58:
    git: https://github.com/crystal-china/base58.cr.git
    version: 0.1.0+git.commit.0e2c44d16a8098b00d8bf0b74add8bb9ea2f1c5f

  crimage:
    git: https://github.com/naqvis/crimage.git
    version: 1.0.5+git.commit.2b3abbcdca426a2a13a39b986326f9a2f7f65bc6

  db:
    git: https://github.com/crystal-lang/crystal-db.git
    version: 0.13.1

  docopt:
    git: https://github.com/ralsina/docopt.cr.git
    version: 0.3.1

  markd:
    git: https://github.com/icyleaf/markd.git
    version: 0.5.0

  markterm:
    git: https://github.com/ralsina/markterm.git
    version: 0.6.3

  pg:
    git: https://github.com/will/crystal-pg.git
    version: 0.29.0

  sixteen:
    git: https://github.com/ralsina/sixteen.git
    version: 0.7.0

  tartrazine:
    git: https://github.com/ralsina/tartrazine.git
    version: 0.20.1

